# This file was autogenerated by Stack.
# You should not edit this file by hand.
# For more information, please see the documentation at:
#   https://docs.haskellstack.org/en/stable/lock_files

packages:
- completed:
    hackage: discord-haskell-1.13.0@sha256:3b25487f1dc866dc598cbbc64affbb1f42302e1271bcb07a7c57de3179dc2fc2,4585
    pantry-tree:
      size: 2844
      sha256: 3ce1b90f8e301f1fba68b67fa4f4765050e0f879e83100e7e399d290c3f3e091
  original:
    hackage: discord-haskell-1.13.0
- completed:
    hackage: emoji-0.1.0.2@sha256:d995572a5c7dcd28f98eb15c6e387a7b3bda1ac2477ab0d9dba8580d5d7b161f,1273
    pantry-tree:
      size: 437
      sha256: dd9ea90a631342e5db0fc21331ade4d563a685e9125d5a3989eefa8e1b96c6c6
  original:
    hackage: emoji-0.1.0.2
snapshots:
- completed:
    size: 618509
    url: https://raw.githubusercontent.com/commercialhaskell/stackage-snapshots/master/lts/19/10.yaml
    sha256: 005f204647467d65c4ab549a5ca35d54b3d90a84a99a4ffc5d421a4018854fe2
  original: lts-19.10
